// !$*UTF8*$!
{
	archiveVersion = 1;
	classes = {
	};
	objectVersion = 46;
	objects = {

/* Begin PBXBuildFile section */
		1215DD131E64C20E00BBF565 /* AppDelegate.swift in Sources */ = {isa = PBXBuildFile; fileRef = 1215DD121E64C20E00BBF565 /* AppDelegate.swift */; };
		1215DD151E64C20E00BBF565 /* ViewController.swift in Sources */ = {isa = PBXBuildFile; fileRef = 1215DD141E64C20E00BBF565 /* ViewController.swift */; };
		1215DD181E64C20E00BBF565 /* Main.storyboard in Resources */ = {isa = PBXBuildFile; fileRef = 1215DD161E64C20E00BBF565 /* Main.storyboard */; };
		1215DD1A1E64C20E00BBF565 /* Assets.xcassets in Resources */ = {isa = PBXBuildFile; fileRef = 1215DD191E64C20E00BBF565 /* Assets.xcassets */; };
		1215DD1D1E64C20E00BBF565 /* LaunchScreen.storyboard in Resources */ = {isa = PBXBuildFile; fileRef = 1215DD1B1E64C20E00BBF565 /* LaunchScreen.storyboard */; };
		1215DD251E64C52800BBF565 /* DatePickerViewController.swift in Sources */ = {isa = PBXBuildFile; fileRef = 1215DD241E64C52800BBF565 /* DatePickerViewController.swift */; };
		1215DD271E64C72600BBF565 /* SingleComponentPickerViewController.swift in Sources */ = {isa = PBXBuildFile; fileRef = 1215DD261E64C72600BBF565 /* SingleComponentPickerViewController.swift */; };
		1215DD291E64C73E00BBF565 /* DoubleComponentPickerViewController.swift in Sources */ = {isa = PBXBuildFile; fileRef = 1215DD281E64C73E00BBF565 /* DoubleComponentPickerViewController.swift */; };
		1215DD2B1E64C76300BBF565 /* DependentComponentPickerViewController.swift in Sources */ = {isa = PBXBuildFile; fileRef = 1215DD2A1E64C76300BBF565 /* DependentComponentPickerViewController.swift */; };
		1215DD2D1E64C77100BBF565 /* CustomPickerViewController.swift in Sources */ = {isa = PBXBuildFile; fileRef = 1215DD2C1E64C77100BBF565 /* CustomPickerViewController.swift */; };
		3ACF741C1E66808F00D73F8D /* statedictionary.plist in Resources */ = {isa = PBXBuildFile; fileRef = 3ACF741B1E66808F00D73F8D /* statedictionary.plist */; };
		3ACF741F1E679C8E00D73F8D /* crunch.wav in Resources */ = {isa = PBXBuildFile; fileRef = 3ACF741D1E679C8E00D73F8D /* crunch.wav */; };
		3ACF74201E679C8E00D73F8D /* win.wav in Resources */ = {isa = PBXBuildFile; fileRef = 3ACF741E1E679C8E00D73F8D /* win.wav */; };
/* End PBXBuildFile section */

/* Begin PBXFileReference section */
		1215DD0F1E64C20E00BBF565 /* Pickers.app */ = {isa = PBXFileReference; explicitFileType = wrapper.application; includeInIndex = 0; path = Pickers.app; sourceTree = BUILT_PRODUCTS_DIR; };
		1215DD121E64C20E00BBF565 /* AppDelegate.swift */ = {isa = PBXFileReference; lastKnownFileType = sourcecode.swift; path = AppDelegate.swift; sourceTree = "<group>"; };
		1215DD141E64C20E00BBF565 /* ViewController.swift */ = {isa = PBXFileReference; lastKnownFileType = sourcecode.swift; path = ViewController.swift; sourceTree = "<group>"; };
		1215DD171E64C20E00BBF565 /* Base */ = {isa = PBXFileReference; lastKnownFileType = file.storyboard; name = Base; path = Base.lproj/Main.storyboard; sourceTree = "<group>"; };
		1215DD191E64C20E00BBF565 /* Assets.xcassets */ = {isa = PBXFileReference; lastKnownFileType = folder.assetcatalog; path = Assets.xcassets; sourceTree = "<group>"; };
		1215DD1C1E64C20E00BBF565 /* Base */ = {isa = PBXFileReference; lastKnownFileType = file.storyboard; name = Base; path = Base.lproj/LaunchScreen.storyboard; sourceTree = "<group>"; };
		1215DD1E1E64C20E00BBF565 /* Info.plist */ = {isa = PBXFileReference; lastKnownFileType = text.plist.xml; path = Info.plist; sourceTree = "<group>"; };
		1215DD241E64C52800BBF565 /* DatePickerViewController.swift */ = {isa = PBXFileReference; fileEncoding = 4; lastKnownFileType = sourcecode.swift; path = DatePickerViewController.swift; sourceTree = "<group>"; };
		1215DD261E64C72600BBF565 /* SingleComponentPickerViewController.swift */ = {isa = PBXFileReference; fileEncoding = 4; lastKnownFileType = sourcecode.swift; path = SingleComponentPickerViewController.swift; sourceTree = "<group>"; };
		1215DD281E64C73E00BBF565 /* DoubleComponentPickerViewController.swift */ = {isa = PBXFileReference; fileEncoding = 4; lastKnownFileType = sourcecode.swift; path = DoubleComponentPickerViewController.swift; sourceTree = "<group>"; };
		1215DD2A1E64C76300BBF565 /* DependentComponentPickerViewController.swift */ = {isa = PBXFileReference; fileEncoding = 4; lastKnownFileType = sourcecode.swift; path = DependentComponentPickerViewController.swift; sourceTree = "<group>"; };
		1215DD2C1E64C77100BBF565 /* CustomPickerViewController.swift */ = {isa = PBXFileReference; fileEncoding = 4; lastKnownFileType = sourcecode.swift; path = CustomPickerViewController.swift; sourceTree = "<group>"; };
		3ACF741B1E66808F00D73F8D /* statedictionary.plist */ = {isa = PBXFileReference; fileEncoding = 4; lastKnownFileType = text.plist.xml; name = statedictionary.plist; path = "07 - Picker Data/statedictionary.plist"; sourceTree = SOURCE_ROOT; };
		3ACF741D1E679C8E00D73F8D /* crunch.wav */ = {isa = PBXFileReference; lastKnownFileType = audio.wav; name = crunch.wav; path = "07 - Picker Sounds/crunch.wav"; sourceTree = SOURCE_ROOT; };
		3ACF741E1E679C8E00D73F8D /* win.wav */ = {isa = PBXFileReference; lastKnownFileType = audio.wav; name = win.wav; path = "07 - Picker Sounds/win.wav"; sourceTree = SOURCE_ROOT; };
/* End PBXFileReference section */

/* Begin PBXFrameworksBuildPhase section */
		1215DD0C1E64C20E00BBF565 /* Frameworks */ = {
			isa = PBXFrameworksBuildPhase;
			buildActionMask = 2147483647;
			files = (
			);
			runOnlyForDeploymentPostprocessing = 0;
		};
/* End PBXFrameworksBuildPhase section */

/* Begin PBXGroup section */
		1215DD061E64C20E00BBF565 = {
			isa = PBXGroup;
			children = (
				1215DD111E64C20E00BBF565 /* Pickers */,
				1215DD101E64C20E00BBF565 /* Products */,
			);
			sourceTree = "<group>";
		};
		1215DD101E64C20E00BBF565 /* Products */ = {
			isa = PBXGroup;
			children = (
				1215DD0F1E64C20E00BBF565 /* Pickers.app */,
			);
			name = Products;
			sourceTree = "<group>";
		};
		1215DD111E64C20E00BBF565 /* Pickers */ = {
			isa = PBXGroup;
			children = (
				1215DD121E64C20E00BBF565 /* AppDelegate.swift */,
				1215DD141E64C20E00BBF565 /* ViewController.swift */,
				1215DD161E64C20E00BBF565 /* Main.storyboard */,
				3ACF741D1E679C8E00D73F8D /* crunch.wav */,
				3ACF741E1E679C8E00D73F8D /* win.wav */,
				1215DD191E64C20E00BBF565 /* Assets.xcassets */,
				1215DD1B1E64C20E00BBF565 /* LaunchScreen.storyboard */,
				1215DD1E1E64C20E00BBF565 /* Info.plist */,
				3ACF741B1E66808F00D73F8D /* statedictionary.plist */,
				1215DD241E64C52800BBF565 /* DatePickerViewController.swift */,
				1215DD261E64C72600BBF565 /* SingleComponentPickerViewController.swift */,
				1215DD281E64C73E00BBF565 /* DoubleComponentPickerViewController.swift */,
				1215DD2A1E64C76300BBF565 /* DependentComponentPickerViewController.swift */,
				1215DD2C1E64C77100BBF565 /* CustomPickerViewController.swift */,
			);
			path = Pickers;
			sourceTree = "<group>";
		};
/* End PBXGroup section */

/* Begin PBXNativeTarget section */
		1215DD0E1E64C20E00BBF565 /* Pickers */ = {
			isa = PBXNativeTarget;
			buildConfigurationList = 1215DD211E64C20E00BBF565 /* Build configuration list for PBXNativeTarget "Pickers" */;
			buildPhases = (
				1215DD0B1E64C20E00BBF565 /* Sources */,
				1215DD0C1E64C20E00BBF565 /* Frameworks */,
				1215DD0D1E64C20E00BBF565 /* Resources */,
			);
			buildRules = (
			);
			dependencies = (
			);
			name = Pickers;
			productName = Pickers;
			productReference = 1215DD0F1E64C20E00BBF565 /* Pickers.app */;
			productType = "com.apple.product-type.application";
		};
/* End PBXNativeTarget section */

/* Begin PBXProject section */
		1215DD071E64C20E00BBF565 /* Project object */ = {
			isa = PBXProject;
			attributes = {
				LastSwiftUpdateCheck = 0820;
				LastUpgradeCheck = 0820;
				ORGANIZATIONNAME = "Josh Barrett";
				TargetAttributes = {
					1215DD0E1E64C20E00BBF565 = {
						CreatedOnToolsVersion = 8.2;
						ProvisioningStyle = Automatic;
					};
				};
			};
			buildConfigurationList = 1215DD0A1E64C20E00BBF565 /* Build configuration list for PBXProject "Pickers" */;
			compatibilityVersion = "Xcode 3.2";
			developmentRegion = English;
			hasScannedForEncodings = 0;
			knownRegions = (
				en,
				Base,
			);
			mainGroup = 1215DD061E64C20E00BBF565;
			productRefGroup = 1215DD101E64C20E00BBF565 /* Products */;
			projectDirPath = "";
			projectRoot = "";
			targets = (
				1215DD0E1E64C20E00BBF565 /* Pickers */,
			);
		};
/* End PBXProject section */

/* Begin PBXResourcesBuildPhase section */
		1215DD0D1E64C20E00BBF565 /* Resources */ = {
			isa = PBXResourcesBuildPhase;
			buildActionMask = 2147483647;
			files = (
				3ACF741F1E679C8E00D73F8D /* crunch.wav in Resources */,
				1215DD1D1E64C20E00BBF565 /* LaunchScreen.storyboard in Resources */,
				1215DD1A1E64C20E00BBF565 /* Assets.xcassets in Resources */,
				3ACF74201E679C8E00D73F8D /* win.wav in Resources */,
				3ACF741C1E66808F00D73F8D /* statedictionary.plist in Resources */,
				1215DD181E64C20E00BBF565 /* Main.storyboard in Resources */,
			);
			runOnlyForDeploymentPostprocessing = 0;
		};
/* End PBXResourcesBuildPhase section */

/* Begin PBXSourcesBuildPhase section */
		1215DD0B1E64C20E00BBF565 /* Sources */ = {
			isa = PBXSourcesBuildPhase;
			buildActionMask = 2147483647;
			files = (
				1215DD151E64C20E00BBF565 /* ViewController.swift in Sources */,
				1215DD131E64C20E00BBF565 /* AppDelegate.swift in Sources */,
				1215DD2B1E64C76300BBF565 /* DependentComponentPickerViewController.swift in Sources */,
				1215DD291E64C73E00BBF565 /* DoubleComponentPickerViewController.swift in Sources */,
				1215DD2D1E64C77100BBF565 /* CustomPickerViewController.swift in Sources */,
				1215DD271E64C72600BBF565 /* SingleComponentPickerViewController.swift in Sources */,
				1215DD251E64C52800BBF565 /* DatePickerViewController.swift in Sources */,
			);
			runOnlyForDeploymentPostprocessing = 0;
		};
/* End PBXSourcesBuildPhase section */

/* Begin PBXVariantGroup section */
		1215DD161E64C20E00BBF565 /* Main.storyboard */ = {
			isa = PBXVariantGroup;
			children = (
				1215DD171E64C20E00BBF565 /* Base */,
			);
			name = Main.storyboard;
			sourceTree = "<group>";
		};
		1215DD1B1E64C20E00BBF565 /* LaunchScreen.storyboard */ = {
			isa = PBXVariantGroup;
			children = (
				1215DD1C1E64C20E00BBF565 /* Base */,
			);
			name = LaunchScreen.storyboard;
			sourceTree = "<group>";
		};
/* End PBXVariantGroup section */

/* Begin XCBuildConfiguration section */
		1215DD1F1E64C20E00BBF565 /* Debug */ = {
			isa = XCBuildConfiguration;
			buildSettings = {
				ALWAYS_SEARCH_USER_PATHS = NO;
				CLANG_ANALYZER_NONNULL = YES;
				CLANG_CXX_LANGUAGE_STANDARD = "gnu++0x";
				CLANG_CXX_LIBRARY = "libc++";
				CLANG_ENABLE_MODULES = YES;
				CLANG_ENABLE_OBJC_ARC = YES;
				CLANG_WARN_BOOL_CONVERSION = YES;
				CLANG_WARN_CONSTANT_CONVERSION = YES;
				CLANG_WARN_DIRECT_OBJC_ISA_USAGE = YES_ERROR;
				CLANG_WARN_DOCUMENTATION_COMMENTS = YES;
				CLANG_WARN_EMPTY_BODY = YES;
				CLANG_WARN_ENUM_CONVERSION = YES;
				CLANG_WARN_INFINITE_RECURSION = YES;
				CLANG_WARN_INT_CONVERSION = YES;
				CLANG_WARN_OBJC_ROOT_CLASS = YES_ERROR;
				CLANG_WARN_SUSPICIOUS_MOVE = YES;
				CLANG_WARN_UNREACHABLE_CODE = YES;
				CLANG_WARN__DUPLICATE_METHOD_MATCH = YES;
				"CODE_SIGN_IDENTITY[sdk=iphoneos*]" = "iPhone Developer";
				COPY_PHASE_STRIP = NO;
				DEBUG_INFORMATION_FORMAT = dwarf;
				ENABLE_STRICT_OBJC_MSGSEND = YES;
				ENABLE_TESTABILITY = YES;
				GCC_C_LANGUAGE_STANDARD = gnu99;
				GCC_DYNAMIC_NO_PIC = NO;
				GCC_NO_COMMON_BLOCKS = YES;
				GCC_OPTIMIZATION_LEVEL = 0;
				GCC_PREPROCESSOR_DEFINITIONS = (
					"DEBUG=1",
					"$(inherited)",
				);
				GCC_WARN_64_TO_32_BIT_CONVERSION = YES;
				GCC_WARN_ABOUT_RETURN_TYPE = YES_ERROR;
				GCC_WARN_UNDECLARED_SELECTOR = YES;
				GCC_WARN_UNINITIALIZED_AUTOS = YES_AGGRESSIVE;
				GCC_WARN_UNUSED_FUNCTION = YES;
				GCC_WARN_UNUSED_VARIABLE = YES;
				IPHONEOS_DEPLOYMENT_TARGET = 10.2;
				MTL_ENABLE_DEBUG_INFO = YES;
				ONLY_ACTIVE_ARCH = YES;
				SDKROOT = iphoneos;
				SWIFT_ACTIVE_COMPILATION_CONDITIONS = DEBUG;
				SWIFT_OPTIMIZATION_LEVEL = "-Onone";
			};
			name = Debug;
		};
		1215DD201E64C20E00BBF565 /* Release */ = {
			isa = XCBuildConfiguration;
			buildSettings = {
				ALWAYS_SEARCH_USER_PATHS = NO;
				CLANG_ANALYZER_NONNULL = YES;
				CLANG_CXX_LANGUAGE_STANDARD = "gnu++0x";
				CLANG_CXX_LIBRARY = "libc++";
				CLANG_ENABLE_MODULES = YES;
				CLANG_ENABLE_OBJC_ARC = YES;
				CLANG_WARN_BOOL_CONVERSION = YES;
				CLANG_WARN_CONSTANT_CONVERSION = YES;
				CLANG_WARN_DIRECT_OBJC_ISA_USAGE = YES_ERROR;
				CLANG_WARN_DOCUMENTATION_COMMENTS = YES;
				CLANG_WARN_EMPTY_BODY = YES;
				CLANG_WARN_ENUM_CONVERSION = YES;
				CLANG_WARN_INFINITE_RECURSION = YES;
				CLANG_WARN_INT_CONVERSION = YES;
				CLANG_WARN_OBJC_ROOT_CLASS = YES_ERROR;
				CLANG_WARN_SUSPICIOUS_MOVE = YES;
				CLANG_WARN_UNREACHABLE_CODE = YES;
				CLANG_WARN__DUPLICATE_METHOD_MATCH = YES;
				"CODE_SIGN_IDENTITY[sdk=iphoneos*]" = "iPhone Developer";
				COPY_PHASE_STRIP = NO;
				DEBUG_INFORMATION_FORMAT = "dwarf-with-dsym";
				ENABLE_NS_ASSERTIONS = NO;
				ENABLE_STRICT_OBJC_MSGSEND = YES;
				GCC_C_LANGUAGE_STANDARD = gnu99;
				GCC_NO_COMMON_BLOCKS = YES;
				GCC_WARN_64_TO_32_BIT_CONVERSION = YES;
				GCC_WARN_ABOUT_RETURN_TYPE = YES_ERROR;
				GCC_WARN_UNDECLARED_SELECTOR = YES;
				GCC_WARN_UNINITIALIZED_AUTOS = YES_AGGRESSIVE;
				GCC_WARN_UNUSED_FUNCTION = YES;
				GCC_WARN_UNUSED_VARIABLE = YES;
				IPHONEOS_DEPLOYMENT_TARGET = 10.2;
				MTL_ENABLE_DEBUG_INFO = NO;
				SDKROOT = iphoneos;
				SWIFT_OPTIMIZATION_LEVEL = "-Owholemodule";
				VALIDATE_PRODUCT = YES;
			};
			name = Release;
		};
		1215DD221E64C20E00BBF565 /* Debug */ = {
			isa = XCBuildConfiguration;
			buildSettings = {
				ASSETCATALOG_COMPILER_APPICON_NAME = AppIcon;
				INFOPLIST_FILE = Pickers/Info.plist;
				LD_RUNPATH_SEARCH_PATHS = "$(inherited) @executable_path/Frameworks";
				PRODUCT_BUNDLE_IDENTIFIER = "Josh-Barrett.Pickers";
				PRODUCT_NAME = "$(TARGET_NAME)";
				SWIFT_VERSION = 3.0;
			};
			name = Debug;
		};
		1215DD231E64C20E00BBF565 /* Release */ = {
			isa = XCBuildConfiguration;
			buildSettings = {
				ASSETCATALOG_COMPILER_APPICON_NAME = AppIcon;
				INFOPLIST_FILE = Pickers/Info.plist;
				LD_RUNPATH_SEARCH_PATHS = "$(inherited) @executable_path/Frameworks";
				PRODUCT_BUNDLE_IDENTIFIER = "Josh-Barrett.Pickers";
				PRODUCT_NAME = "$(TARGET_NAME)";
				SWIFT_VERSION = 3.0;
			};
			name = Release;
		};
/* End XCBuildConfiguration section */

/* Begin XCConfigurationList section */
		1215DD0A1E64C20E00BBF565 /* Build configuration list for PBXProject "Pickers" */ = {
			isa = XCConfigurationList;
			buildConfigurations = (
				1215DD1F1E64C20E00BBF565 /* Debug */,
				1215DD201E64C20E00BBF565 /* Release */,
			);
			defaultConfigurationIsVisible = 0;
			defaultConfigurationName = Release;
		};
		1215DD211E64C20E00BBF565 /* Build configuration list for PBXNativeTarget "Pickers" */ = {
			isa = XCConfigurationList;
			buildConfigurations = (
				1215DD221E64C20E00BBF565 /* Debug */,
				1215DD231E64C20E00BBF565 /* Release */,
			);
			defaultConfigurationIsVisible = 0;
			defaultConfigurationName = Release;
		};
/* End XCConfigurationList section */
	};
	rootObject = 1215DD071E64C20E00BBF565 /* Project object */;
}
