// !$*UTF8*$!
{
	archiveVersion = 1;
	classes = {
	};
	objectVersion = 46;
	objects = {

/* Begin PBXBuildFile section */
		3A81DDF91E529EDA004D348C /* AppDelegate.swift in Sources */ = {isa = PBXBuildFile; fileRef = 3A81DDF81E529EDA004D348C /* AppDelegate.swift */; };
		3A81DDFB1E529EDA004D348C /* ViewController.swift in Sources */ = {isa = PBXBuildFile; fileRef = 3A81DDFA1E529EDA004D348C /* ViewController.swift */; };
		3A81DDFE1E529EDA004D348C /* Main.storyboard in Resources */ = {isa = PBXBuildFile; fileRef = 3A81DDFC1E529EDA004D348C /* Main.storyboard */; };
		3A81DE001E529EDA004D348C /* Assets.xcassets in Resources */ = {isa = PBXBuildFile; fileRef = 3A81DDFF1E529EDA004D348C /* Assets.xcassets */; };
		3A81DE031E529EDA004D348C /* LaunchScreen.storyboard in Resources */ = {isa = PBXBuildFile; fileRef = 3A81DE011E529EDA004D348C /* LaunchScreen.storyboard */; };
/* End PBXBuildFile section */

/* Begin PBXFileReference section */
		3A81DDF51E529ED9004D348C /* Restructure.app */ = {isa = PBXFileReference; explicitFileType = wrapper.application; includeInIndex = 0; path = Restructure.app; sourceTree = BUILT_PRODUCTS_DIR; };
		3A81DDF81E529EDA004D348C /* AppDelegate.swift */ = {isa = PBXFileReference; lastKnownFileType = sourcecode.swift; path = AppDelegate.swift; sourceTree = "<group>"; };
		3A81DDFA1E529EDA004D348C /* ViewController.swift */ = {isa = PBXFileReference; lastKnownFileType = sourcecode.swift; path = ViewController.swift; sourceTree = "<group>"; };
		3A81DDFD1E529EDA004D348C /* Base */ = {isa = PBXFileReference; lastKnownFileType = file.storyboard; name = Base; path = Base.lproj/Main.storyboard; sourceTree = "<group>"; };
		3A81DDFF1E529EDA004D348C /* Assets.xcassets */ = {isa = PBXFileReference; lastKnownFileType = folder.assetcatalog; path = Assets.xcassets; sourceTree = "<group>"; };
		3A81DE021E529EDA004D348C /* Base */ = {isa = PBXFileReference; lastKnownFileType = file.storyboard; name = Base; path = Base.lproj/LaunchScreen.storyboard; sourceTree = "<group>"; };
		3A81DE041E529EDA004D348C /* Info.plist */ = {isa = PBXFileReference; lastKnownFileType = text.plist.xml; path = Info.plist; sourceTree = "<group>"; };
/* End PBXFileReference section */

/* Begin PBXFrameworksBuildPhase section */
		3A81DDF21E529ED9004D348C /* Frameworks */ = {
			isa = PBXFrameworksBuildPhase;
			buildActionMask = 2147483647;
			files = (
			);
			runOnlyForDeploymentPostprocessing = 0;
		};
/* End PBXFrameworksBuildPhase section */

/* Begin PBXGroup section */
		3A81DDEC1E529ED9004D348C = {
			isa = PBXGroup;
			children = (
				3A81DDF71E529ED9004D348C /* Restructure */,
				3A81DDF61E529ED9004D348C /* Products */,
			);
			sourceTree = "<group>";
		};
		3A81DDF61E529ED9004D348C /* Products */ = {
			isa = PBXGroup;
			children = (
				3A81DDF51E529ED9004D348C /* Restructure.app */,
			);
			name = Products;
			sourceTree = "<group>";
		};
		3A81DDF71E529ED9004D348C /* Restructure */ = {
			isa = PBXGroup;
			children = (
				3A81DDF81E529EDA004D348C /* AppDelegate.swift */,
				3A81DDFA1E529EDA004D348C /* ViewController.swift */,
				3A81DDFC1E529EDA004D348C /* Main.storyboard */,
				3A81DDFF1E529EDA004D348C /* Assets.xcassets */,
				3A81DE011E529EDA004D348C /* LaunchScreen.storyboard */,
				3A81DE041E529EDA004D348C /* Info.plist */,
			);
			path = Restructure;
			sourceTree = "<group>";
		};
/* End PBXGroup section */

/* Begin PBXNativeTarget section */
		3A81DDF41E529ED9004D348C /* Restructure */ = {
			isa = PBXNativeTarget;
			buildConfigurationList = 3A81DE071E529EDA004D348C /* Build configuration list for PBXNativeTarget "Restructure" */;
			buildPhases = (
				3A81DDF11E529ED9004D348C /* Sources */,
				3A81DDF21E529ED9004D348C /* Frameworks */,
				3A81DDF31E529ED9004D348C /* Resources */,
			);
			buildRules = (
			);
			dependencies = (
			);
			name = Restructure;
			productName = Restructure;
			productReference = 3A81DDF51E529ED9004D348C /* Restructure.app */;
			productType = "com.apple.product-type.application";
		};
/* End PBXNativeTarget section */

/* Begin PBXProject section */
		3A81DDED1E529ED9004D348C /* Project object */ = {
			isa = PBXProject;
			attributes = {
				LastSwiftUpdateCheck = 0820;
				LastUpgradeCheck = 0820;
				ORGANIZATIONNAME = "Josh Barrett";
				TargetAttributes = {
					3A81DDF41E529ED9004D348C = {
						CreatedOnToolsVersion = 8.2.1;
						ProvisioningStyle = Automatic;
					};
				};
			};
			buildConfigurationList = 3A81DDF01E529ED9004D348C /* Build configuration list for PBXProject "Restructure" */;
			compatibilityVersion = "Xcode 3.2";
			developmentRegion = English;
			hasScannedForEncodings = 0;
			knownRegions = (
				en,
				Base,
			);
			mainGroup = 3A81DDEC1E529ED9004D348C;
			productRefGroup = 3A81DDF61E529ED9004D348C /* Products */;
			projectDirPath = "";
			projectRoot = "";
			targets = (
				3A81DDF41E529ED9004D348C /* Restructure */,
			);
		};
/* End PBXProject section */

/* Begin PBXResourcesBuildPhase section */
		3A81DDF31E529ED9004D348C /* Resources */ = {
			isa = PBXResourcesBuildPhase;
			buildActionMask = 2147483647;
			files = (
				3A81DE031E529EDA004D348C /* LaunchScreen.storyboard in Resources */,
				3A81DE001E529EDA004D348C /* Assets.xcassets in Resources */,
				3A81DDFE1E529EDA004D348C /* Main.storyboard in Resources */,
			);
			runOnlyForDeploymentPostprocessing = 0;
		};
/* End PBXResourcesBuildPhase section */

/* Begin PBXSourcesBuildPhase section */
		3A81DDF11E529ED9004D348C /* Sources */ = {
			isa = PBXSourcesBuildPhase;
			buildActionMask = 2147483647;
			files = (
				3A81DDFB1E529EDA004D348C /* ViewController.swift in Sources */,
				3A81DDF91E529EDA004D348C /* AppDelegate.swift in Sources */,
			);
			runOnlyForDeploymentPostprocessing = 0;
		};
/* End PBXSourcesBuildPhase section */

/* Begin PBXVariantGroup section */
		3A81DDFC1E529EDA004D348C /* Main.storyboard */ = {
			isa = PBXVariantGroup;
			children = (
				3A81DDFD1E529EDA004D348C /* Base */,
			);
			name = Main.storyboard;
			sourceTree = "<group>";
		};
		3A81DE011E529EDA004D348C /* LaunchScreen.storyboard */ = {
			isa = PBXVariantGroup;
			children = (
				3A81DE021E529EDA004D348C /* Base */,
			);
			name = LaunchScreen.storyboard;
			sourceTree = "<group>";
		};
/* End PBXVariantGroup section */

/* Begin XCBuildConfiguration section */
		3A81DE051E529EDA004D348C /* Debug */ = {
			isa = XCBuildConfiguration;
			buildSettings = {
				ALWAYS_SEARCH_USER_PATHS = NO;
				CLANG_ANALYZER_NONNULL = YES;
				CLANG_CXX_LANGUAGE_STANDARD = "gnu++0x";
				CLANG_CXX_LIBRARY = "libc++";
				CLANG_ENABLE_MODULES = YES;
				CLANG_ENABLE_OBJC_ARC = YES;
				CLANG_WARN_BOOL_CONVERSION = YES;
				CLANG_WARN_CONSTANT_CONVERSION = YES;
				CLANG_WARN_DIRECT_OBJC_ISA_USAGE = YES_ERROR;
				CLANG_WARN_DOCUMENTATION_COMMENTS = YES;
				CLANG_WARN_EMPTY_BODY = YES;
				CLANG_WARN_ENUM_CONVERSION = YES;
				CLANG_WARN_INFINITE_RECURSION = YES;
				CLANG_WARN_INT_CONVERSION = YES;
				CLANG_WARN_OBJC_ROOT_CLASS = YES_ERROR;
				CLANG_WARN_SUSPICIOUS_MOVE = YES;
				CLANG_WARN_UNREACHABLE_CODE = YES;
				CLANG_WARN__DUPLICATE_METHOD_MATCH = YES;
				"CODE_SIGN_IDENTITY[sdk=iphoneos*]" = "iPhone Developer";
				COPY_PHASE_STRIP = NO;
				DEBUG_INFORMATION_FORMAT = dwarf;
				ENABLE_STRICT_OBJC_MSGSEND = YES;
				ENABLE_TESTABILITY = YES;
				GCC_C_LANGUAGE_STANDARD = gnu99;
				GCC_DYNAMIC_NO_PIC = NO;
				GCC_NO_COMMON_BLOCKS = YES;
				GCC_OPTIMIZATION_LEVEL = 0;
				GCC_PREPROCESSOR_DEFINITIONS = (
					"DEBUG=1",
					"$(inherited)",
				);
				GCC_WARN_64_TO_32_BIT_CONVERSION = YES;
				GCC_WARN_ABOUT_RETURN_TYPE = YES_ERROR;
				GCC_WARN_UNDECLARED_SELECTOR = YES;
				GCC_WARN_UNINITIALIZED_AUTOS = YES_AGGRESSIVE;
				GCC_WARN_UNUSED_FUNCTION = YES;
				GCC_WARN_UNUSED_VARIABLE = YES;
				IPHONEOS_DEPLOYMENT_TARGET = 10.2;
				MTL_ENABLE_DEBUG_INFO = YES;
				ONLY_ACTIVE_ARCH = YES;
				SDKROOT = iphoneos;
				SWIFT_ACTIVE_COMPILATION_CONDITIONS = DEBUG;
				SWIFT_OPTIMIZATION_LEVEL = "-Onone";
			};
			name = Debug;
		};
		3A81DE061E529EDA004D348C /* Release */ = {
			isa = XCBuildConfiguration;
			buildSettings = {
				ALWAYS_SEARCH_USER_PATHS = NO;
				CLANG_ANALYZER_NONNULL = YES;
				CLANG_CXX_LANGUAGE_STANDARD = "gnu++0x";
				CLANG_CXX_LIBRARY = "libc++";
				CLANG_ENABLE_MODULES = YES;
				CLANG_ENABLE_OBJC_ARC = YES;
				CLANG_WARN_BOOL_CONVERSION = YES;
				CLANG_WARN_CONSTANT_CONVERSION = YES;
				CLANG_WARN_DIRECT_OBJC_ISA_USAGE = YES_ERROR;
				CLANG_WARN_DOCUMENTATION_COMMENTS = YES;
				CLANG_WARN_EMPTY_BODY = YES;
				CLANG_WARN_ENUM_CONVERSION = YES;
				CLANG_WARN_INFINITE_RECURSION = YES;
				CLANG_WARN_INT_CONVERSION = YES;
				CLANG_WARN_OBJC_ROOT_CLASS = YES_ERROR;
				CLANG_WARN_SUSPICIOUS_MOVE = YES;
				CLANG_WARN_UNREACHABLE_CODE = YES;
				CLANG_WARN__DUPLICATE_METHOD_MATCH = YES;
				"CODE_SIGN_IDENTITY[sdk=iphoneos*]" = "iPhone Developer";
				COPY_PHASE_STRIP = NO;
				DEBUG_INFORMATION_FORMAT = "dwarf-with-dsym";
				ENABLE_NS_ASSERTIONS = NO;
				ENABLE_STRICT_OBJC_MSGSEND = YES;
				GCC_C_LANGUAGE_STANDARD = gnu99;
				GCC_NO_COMMON_BLOCKS = YES;
				GCC_WARN_64_TO_32_BIT_CONVERSION = YES;
				GCC_WARN_ABOUT_RETURN_TYPE = YES_ERROR;
				GCC_WARN_UNDECLARED_SELECTOR = YES;
				GCC_WARN_UNINITIALIZED_AUTOS = YES_AGGRESSIVE;
				GCC_WARN_UNUSED_FUNCTION = YES;
				GCC_WARN_UNUSED_VARIABLE = YES;
				IPHONEOS_DEPLOYMENT_TARGET = 10.2;
				MTL_ENABLE_DEBUG_INFO = NO;
				SDKROOT = iphoneos;
				SWIFT_OPTIMIZATION_LEVEL = "-Owholemodule";
				VALIDATE_PRODUCT = YES;
			};
			name = Release;
		};
		3A81DE081E529EDA004D348C /* Debug */ = {
			isa = XCBuildConfiguration;
			buildSettings = {
				ASSETCATALOG_COMPILER_APPICON_NAME = AppIcon;
				INFOPLIST_FILE = Restructure/Info.plist;
				LD_RUNPATH_SEARCH_PATHS = "$(inherited) @executable_path/Frameworks";
				PRODUCT_BUNDLE_IDENTIFIER = "Josh-Barrett.Restructure";
				PRODUCT_NAME = "$(TARGET_NAME)";
				SWIFT_VERSION = 3.0;
			};
			name = Debug;
		};
		3A81DE091E529EDA004D348C /* Release */ = {
			isa = XCBuildConfiguration;
			buildSettings = {
				ASSETCATALOG_COMPILER_APPICON_NAME = AppIcon;
				INFOPLIST_FILE = Restructure/Info.plist;
				LD_RUNPATH_SEARCH_PATHS = "$(inherited) @executable_path/Frameworks";
				PRODUCT_BUNDLE_IDENTIFIER = "Josh-Barrett.Restructure";
				PRODUCT_NAME = "$(TARGET_NAME)";
				SWIFT_VERSION = 3.0;
			};
			name = Release;
		};
/* End XCBuildConfiguration section */

/* Begin XCConfigurationList section */
		3A81DDF01E529ED9004D348C /* Build configuration list for PBXProject "Restructure" */ = {
			isa = XCConfigurationList;
			buildConfigurations = (
				3A81DE051E529EDA004D348C /* Debug */,
				3A81DE061E529EDA004D348C /* Release */,
			);
			defaultConfigurationIsVisible = 0;
			defaultConfigurationName = Release;
		};
		3A81DE071E529EDA004D348C /* Build configuration list for PBXNativeTarget "Restructure" */ = {
			isa = XCConfigurationList;
			buildConfigurations = (
				3A81DE081E529EDA004D348C /* Debug */,
				3A81DE091E529EDA004D348C /* Release */,
			);
			defaultConfigurationIsVisible = 0;
		};
/* End XCConfigurationList section */
	};
	rootObject = 3A81DDED1E529ED9004D348C /* Project object */;
}
