// !$*UTF8*$!
{
	archiveVersion = 1;
	classes = {
	};
	objectVersion = 46;
	objects = {

/* Begin PBXBuildFile section */
		12A76F041E92E1AE00B75EBD /* SplitTableViewCell.swift in Sources */ = {isa = PBXBuildFile; fileRef = 12A76F031E92E1AE00B75EBD /* SplitTableViewCell.swift */; };
		12A76F061E92E2A600B75EBD /* SplitTableViewCell.xib in Resources */ = {isa = PBXBuildFile; fileRef = 12A76F051E92E2A600B75EBD /* SplitTableViewCell.xib */; };
		3A50FC621E7F8FD600A1B847 /* BillClasses.swift in Sources */ = {isa = PBXBuildFile; fileRef = 3A50FC611E7F8FD600A1B847 /* BillClasses.swift */; };
		3A837A221EBFF2EA003220BD /* FinalSplitCell.swift in Sources */ = {isa = PBXBuildFile; fileRef = 3A837A201EBFF2EA003220BD /* FinalSplitCell.swift */; };
		3A837A231EBFF2EA003220BD /* FinalSplitCell.xib in Resources */ = {isa = PBXBuildFile; fileRef = 3A837A211EBFF2EA003220BD /* FinalSplitCell.xib */; };
		3ACF74321E76107C00D73F8D /* AppDelegate.swift in Sources */ = {isa = PBXBuildFile; fileRef = 3ACF74311E76107C00D73F8D /* AppDelegate.swift */; };
		3ACF74341E76107C00D73F8D /* ViewController.swift in Sources */ = {isa = PBXBuildFile; fileRef = 3ACF74331E76107C00D73F8D /* ViewController.swift */; };
		3ACF74371E76107C00D73F8D /* Main.storyboard in Resources */ = {isa = PBXBuildFile; fileRef = 3ACF74351E76107C00D73F8D /* Main.storyboard */; };
		3ACF74391E76107D00D73F8D /* Assets.xcassets in Resources */ = {isa = PBXBuildFile; fileRef = 3ACF74381E76107D00D73F8D /* Assets.xcassets */; };
		3ACF743C1E76107D00D73F8D /* LaunchScreen.storyboard in Resources */ = {isa = PBXBuildFile; fileRef = 3ACF743A1E76107D00D73F8D /* LaunchScreen.storyboard */; };
		3ACF74441E76133600D73F8D /* RestaurantViewController.swift in Sources */ = {isa = PBXBuildFile; fileRef = 3ACF74431E76133600D73F8D /* RestaurantViewController.swift */; };
		3ACF74461E76134700D73F8D /* RentViewController.swift in Sources */ = {isa = PBXBuildFile; fileRef = 3ACF74451E76134700D73F8D /* RentViewController.swift */; };
		3ACF74481E76135E00D73F8D /* OtherViewController.swift in Sources */ = {isa = PBXBuildFile; fileRef = 3ACF74471E76135E00D73F8D /* OtherViewController.swift */; };
		3ACF744A1E76136B00D73F8D /* TipViewController.swift in Sources */ = {isa = PBXBuildFile; fileRef = 3ACF74491E76136B00D73F8D /* TipViewController.swift */; };
		3ACF744E1E7614BE00D73F8D /* RestOutputViewController.swift in Sources */ = {isa = PBXBuildFile; fileRef = 3ACF744D1E7614BE00D73F8D /* RestOutputViewController.swift */; };
		3ACF74501E7614CE00D73F8D /* RentOutputViewController.swift in Sources */ = {isa = PBXBuildFile; fileRef = 3ACF744F1E7614CE00D73F8D /* RentOutputViewController.swift */; };
		3ACF74521E7614DE00D73F8D /* OtherOutputViewController.swift in Sources */ = {isa = PBXBuildFile; fileRef = 3ACF74511E7614DE00D73F8D /* OtherOutputViewController.swift */; };
/* End PBXBuildFile section */

/* Begin PBXFileReference section */
		12A76F031E92E1AE00B75EBD /* SplitTableViewCell.swift */ = {isa = PBXFileReference; fileEncoding = 4; lastKnownFileType = sourcecode.swift; path = SplitTableViewCell.swift; sourceTree = "<group>"; };
		12A76F051E92E2A600B75EBD /* SplitTableViewCell.xib */ = {isa = PBXFileReference; fileEncoding = 4; lastKnownFileType = file.xib; path = SplitTableViewCell.xib; sourceTree = "<group>"; };
		3A50FC611E7F8FD600A1B847 /* BillClasses.swift */ = {isa = PBXFileReference; fileEncoding = 4; lastKnownFileType = sourcecode.swift; path = BillClasses.swift; sourceTree = "<group>"; };
		3A837A201EBFF2EA003220BD /* FinalSplitCell.swift */ = {isa = PBXFileReference; fileEncoding = 4; lastKnownFileType = sourcecode.swift; path = FinalSplitCell.swift; sourceTree = "<group>"; };
		3A837A211EBFF2EA003220BD /* FinalSplitCell.xib */ = {isa = PBXFileReference; fileEncoding = 4; lastKnownFileType = file.xib; path = FinalSplitCell.xib; sourceTree = "<group>"; };
		3ACF742E1E76107C00D73F8D /* BillSplitter.app */ = {isa = PBXFileReference; explicitFileType = wrapper.application; includeInIndex = 0; path = BillSplitter.app; sourceTree = BUILT_PRODUCTS_DIR; };
		3ACF74311E76107C00D73F8D /* AppDelegate.swift */ = {isa = PBXFileReference; lastKnownFileType = sourcecode.swift; path = AppDelegate.swift; sourceTree = "<group>"; };
		3ACF74331E76107C00D73F8D /* ViewController.swift */ = {isa = PBXFileReference; lastKnownFileType = sourcecode.swift; path = ViewController.swift; sourceTree = "<group>"; };
		3ACF74361E76107C00D73F8D /* Base */ = {isa = PBXFileReference; lastKnownFileType = file.storyboard; name = Base; path = Base.lproj/Main.storyboard; sourceTree = "<group>"; };
		3ACF74381E76107D00D73F8D /* Assets.xcassets */ = {isa = PBXFileReference; lastKnownFileType = folder.assetcatalog; path = Assets.xcassets; sourceTree = "<group>"; };
		3ACF743B1E76107D00D73F8D /* Base */ = {isa = PBXFileReference; lastKnownFileType = file.storyboard; name = Base; path = Base.lproj/LaunchScreen.storyboard; sourceTree = "<group>"; };
		3ACF743D1E76107D00D73F8D /* Info.plist */ = {isa = PBXFileReference; lastKnownFileType = text.plist.xml; path = Info.plist; sourceTree = "<group>"; };
		3ACF74431E76133600D73F8D /* RestaurantViewController.swift */ = {isa = PBXFileReference; fileEncoding = 4; lastKnownFileType = sourcecode.swift; path = RestaurantViewController.swift; sourceTree = "<group>"; };
		3ACF74451E76134700D73F8D /* RentViewController.swift */ = {isa = PBXFileReference; fileEncoding = 4; lastKnownFileType = sourcecode.swift; path = RentViewController.swift; sourceTree = "<group>"; };
		3ACF74471E76135E00D73F8D /* OtherViewController.swift */ = {isa = PBXFileReference; fileEncoding = 4; lastKnownFileType = sourcecode.swift; path = OtherViewController.swift; sourceTree = "<group>"; };
		3ACF74491E76136B00D73F8D /* TipViewController.swift */ = {isa = PBXFileReference; fileEncoding = 4; lastKnownFileType = sourcecode.swift; path = TipViewController.swift; sourceTree = "<group>"; };
		3ACF744D1E7614BE00D73F8D /* RestOutputViewController.swift */ = {isa = PBXFileReference; fileEncoding = 4; lastKnownFileType = sourcecode.swift; path = RestOutputViewController.swift; sourceTree = "<group>"; };
		3ACF744F1E7614CE00D73F8D /* RentOutputViewController.swift */ = {isa = PBXFileReference; fileEncoding = 4; lastKnownFileType = sourcecode.swift; path = RentOutputViewController.swift; sourceTree = "<group>"; };
		3ACF74511E7614DE00D73F8D /* OtherOutputViewController.swift */ = {isa = PBXFileReference; fileEncoding = 4; lastKnownFileType = sourcecode.swift; path = OtherOutputViewController.swift; sourceTree = "<group>"; };
/* End PBXFileReference section */

/* Begin PBXFrameworksBuildPhase section */
		3ACF742B1E76107C00D73F8D /* Frameworks */ = {
			isa = PBXFrameworksBuildPhase;
			buildActionMask = 2147483647;
			files = (
			);
			runOnlyForDeploymentPostprocessing = 0;
		};
/* End PBXFrameworksBuildPhase section */

/* Begin PBXGroup section */
		3ACF74251E76107B00D73F8D = {
			isa = PBXGroup;
			children = (
				3ACF74301E76107C00D73F8D /* BillSplitter */,
				3ACF742F1E76107C00D73F8D /* Products */,
			);
			sourceTree = "<group>";
		};
		3ACF742F1E76107C00D73F8D /* Products */ = {
			isa = PBXGroup;
			children = (
				3ACF742E1E76107C00D73F8D /* BillSplitter.app */,
			);
			name = Products;
			sourceTree = "<group>";
		};
		3ACF74301E76107C00D73F8D /* BillSplitter */ = {
			isa = PBXGroup;
			children = (
				3ACF74311E76107C00D73F8D /* AppDelegate.swift */,
				3ACF74331E76107C00D73F8D /* ViewController.swift */,
				3ACF74351E76107C00D73F8D /* Main.storyboard */,
				3ACF74381E76107D00D73F8D /* Assets.xcassets */,
				3ACF743A1E76107D00D73F8D /* LaunchScreen.storyboard */,
				3ACF743D1E76107D00D73F8D /* Info.plist */,
				3ACF74431E76133600D73F8D /* RestaurantViewController.swift */,
				3ACF744D1E7614BE00D73F8D /* RestOutputViewController.swift */,
				3ACF74451E76134700D73F8D /* RentViewController.swift */,
				3ACF744F1E7614CE00D73F8D /* RentOutputViewController.swift */,
				3ACF74471E76135E00D73F8D /* OtherViewController.swift */,
				3ACF74511E7614DE00D73F8D /* OtherOutputViewController.swift */,
				3ACF74491E76136B00D73F8D /* TipViewController.swift */,
				3A50FC611E7F8FD600A1B847 /* BillClasses.swift */,
				12A76F031E92E1AE00B75EBD /* SplitTableViewCell.swift */,
				12A76F051E92E2A600B75EBD /* SplitTableViewCell.xib */,
				3A837A201EBFF2EA003220BD /* FinalSplitCell.swift */,
				3A837A211EBFF2EA003220BD /* FinalSplitCell.xib */,
			);
			path = BillSplitter;
			sourceTree = "<group>";
		};
/* End PBXGroup section */

/* Begin PBXNativeTarget section */
		3ACF742D1E76107C00D73F8D /* BillSplitter */ = {
			isa = PBXNativeTarget;
			buildConfigurationList = 3ACF74401E76107D00D73F8D /* Build configuration list for PBXNativeTarget "BillSplitter" */;
			buildPhases = (
				3ACF742A1E76107C00D73F8D /* Sources */,
				3ACF742B1E76107C00D73F8D /* Frameworks */,
				3ACF742C1E76107C00D73F8D /* Resources */,
			);
			buildRules = (
			);
			dependencies = (
			);
			name = BillSplitter;
			productName = BillSplitter;
			productReference = 3ACF742E1E76107C00D73F8D /* BillSplitter.app */;
			productType = "com.apple.product-type.application";
		};
/* End PBXNativeTarget section */

/* Begin PBXProject section */
		3ACF74261E76107C00D73F8D /* Project object */ = {
			isa = PBXProject;
			attributes = {
				LastSwiftUpdateCheck = 0820;
				LastUpgradeCheck = 0820;
				ORGANIZATIONNAME = "Josh Barrett";
				TargetAttributes = {
					3ACF742D1E76107C00D73F8D = {
						CreatedOnToolsVersion = 8.2.1;
						ProvisioningStyle = Automatic;
					};
				};
			};
			buildConfigurationList = 3ACF74291E76107C00D73F8D /* Build configuration list for PBXProject "BillSplitter" */;
			compatibilityVersion = "Xcode 3.2";
			developmentRegion = English;
			hasScannedForEncodings = 0;
			knownRegions = (
				en,
				Base,
			);
			mainGroup = 3ACF74251E76107B00D73F8D;
			productRefGroup = 3ACF742F1E76107C00D73F8D /* Products */;
			projectDirPath = "";
			projectRoot = "";
			targets = (
				3ACF742D1E76107C00D73F8D /* BillSplitter */,
			);
		};
/* End PBXProject section */

/* Begin PBXResourcesBuildPhase section */
		3ACF742C1E76107C00D73F8D /* Resources */ = {
			isa = PBXResourcesBuildPhase;
			buildActionMask = 2147483647;
			files = (
				3ACF743C1E76107D00D73F8D /* LaunchScreen.storyboard in Resources */,
				3ACF74391E76107D00D73F8D /* Assets.xcassets in Resources */,
				3A837A231EBFF2EA003220BD /* FinalSplitCell.xib in Resources */,
				12A76F061E92E2A600B75EBD /* SplitTableViewCell.xib in Resources */,
				3ACF74371E76107C00D73F8D /* Main.storyboard in Resources */,
			);
			runOnlyForDeploymentPostprocessing = 0;
		};
/* End PBXResourcesBuildPhase section */

/* Begin PBXSourcesBuildPhase section */
		3ACF742A1E76107C00D73F8D /* Sources */ = {
			isa = PBXSourcesBuildPhase;
			buildActionMask = 2147483647;
			files = (
				3ACF74341E76107C00D73F8D /* ViewController.swift in Sources */,
				3ACF74441E76133600D73F8D /* RestaurantViewController.swift in Sources */,
				3ACF74321E76107C00D73F8D /* AppDelegate.swift in Sources */,
				3ACF74461E76134700D73F8D /* RentViewController.swift in Sources */,
				3A837A221EBFF2EA003220BD /* FinalSplitCell.swift in Sources */,
				3A50FC621E7F8FD600A1B847 /* BillClasses.swift in Sources */,
				3ACF744A1E76136B00D73F8D /* TipViewController.swift in Sources */,
				12A76F041E92E1AE00B75EBD /* SplitTableViewCell.swift in Sources */,
				3ACF74501E7614CE00D73F8D /* RentOutputViewController.swift in Sources */,
				3ACF74481E76135E00D73F8D /* OtherViewController.swift in Sources */,
				3ACF74521E7614DE00D73F8D /* OtherOutputViewController.swift in Sources */,
				3ACF744E1E7614BE00D73F8D /* RestOutputViewController.swift in Sources */,
			);
			runOnlyForDeploymentPostprocessing = 0;
		};
/* End PBXSourcesBuildPhase section */

/* Begin PBXVariantGroup section */
		3ACF74351E76107C00D73F8D /* Main.storyboard */ = {
			isa = PBXVariantGroup;
			children = (
				3ACF74361E76107C00D73F8D /* Base */,
			);
			name = Main.storyboard;
			sourceTree = "<group>";
		};
		3ACF743A1E76107D00D73F8D /* LaunchScreen.storyboard */ = {
			isa = PBXVariantGroup;
			children = (
				3ACF743B1E76107D00D73F8D /* Base */,
			);
			name = LaunchScreen.storyboard;
			sourceTree = "<group>";
		};
/* End PBXVariantGroup section */

/* Begin XCBuildConfiguration section */
		3ACF743E1E76107D00D73F8D /* Debug */ = {
			isa = XCBuildConfiguration;
			buildSettings = {
				ALWAYS_SEARCH_USER_PATHS = NO;
				CLANG_ANALYZER_NONNULL = YES;
				CLANG_CXX_LANGUAGE_STANDARD = "gnu++0x";
				CLANG_CXX_LIBRARY = "libc++";
				CLANG_ENABLE_MODULES = YES;
				CLANG_ENABLE_OBJC_ARC = YES;
				CLANG_WARN_BOOL_CONVERSION = YES;
				CLANG_WARN_CONSTANT_CONVERSION = YES;
				CLANG_WARN_DIRECT_OBJC_ISA_USAGE = YES_ERROR;
				CLANG_WARN_DOCUMENTATION_COMMENTS = YES;
				CLANG_WARN_EMPTY_BODY = YES;
				CLANG_WARN_ENUM_CONVERSION = YES;
				CLANG_WARN_INFINITE_RECURSION = YES;
				CLANG_WARN_INT_CONVERSION = YES;
				CLANG_WARN_OBJC_ROOT_CLASS = YES_ERROR;
				CLANG_WARN_SUSPICIOUS_MOVE = YES;
				CLANG_WARN_UNREACHABLE_CODE = YES;
				CLANG_WARN__DUPLICATE_METHOD_MATCH = YES;
				"CODE_SIGN_IDENTITY[sdk=iphoneos*]" = "iPhone Developer";
				COPY_PHASE_STRIP = NO;
				DEBUG_INFORMATION_FORMAT = dwarf;
				ENABLE_STRICT_OBJC_MSGSEND = YES;
				ENABLE_TESTABILITY = YES;
				GCC_C_LANGUAGE_STANDARD = gnu99;
				GCC_DYNAMIC_NO_PIC = NO;
				GCC_NO_COMMON_BLOCKS = YES;
				GCC_OPTIMIZATION_LEVEL = 0;
				GCC_PREPROCESSOR_DEFINITIONS = (
					"DEBUG=1",
					"$(inherited)",
				);
				GCC_WARN_64_TO_32_BIT_CONVERSION = YES;
				GCC_WARN_ABOUT_RETURN_TYPE = YES_ERROR;
				GCC_WARN_UNDECLARED_SELECTOR = YES;
				GCC_WARN_UNINITIALIZED_AUTOS = YES_AGGRESSIVE;
				GCC_WARN_UNUSED_FUNCTION = YES;
				GCC_WARN_UNUSED_VARIABLE = YES;
				IPHONEOS_DEPLOYMENT_TARGET = 10.2;
				MTL_ENABLE_DEBUG_INFO = YES;
				ONLY_ACTIVE_ARCH = YES;
				SDKROOT = iphoneos;
				SWIFT_ACTIVE_COMPILATION_CONDITIONS = DEBUG;
				SWIFT_OPTIMIZATION_LEVEL = "-Onone";
			};
			name = Debug;
		};
		3ACF743F1E76107D00D73F8D /* Release */ = {
			isa = XCBuildConfiguration;
			buildSettings = {
				ALWAYS_SEARCH_USER_PATHS = NO;
				CLANG_ANALYZER_NONNULL = YES;
				CLANG_CXX_LANGUAGE_STANDARD = "gnu++0x";
				CLANG_CXX_LIBRARY = "libc++";
				CLANG_ENABLE_MODULES = YES;
				CLANG_ENABLE_OBJC_ARC = YES;
				CLANG_WARN_BOOL_CONVERSION = YES;
				CLANG_WARN_CONSTANT_CONVERSION = YES;
				CLANG_WARN_DIRECT_OBJC_ISA_USAGE = YES_ERROR;
				CLANG_WARN_DOCUMENTATION_COMMENTS = YES;
				CLANG_WARN_EMPTY_BODY = YES;
				CLANG_WARN_ENUM_CONVERSION = YES;
				CLANG_WARN_INFINITE_RECURSION = YES;
				CLANG_WARN_INT_CONVERSION = YES;
				CLANG_WARN_OBJC_ROOT_CLASS = YES_ERROR;
				CLANG_WARN_SUSPICIOUS_MOVE = YES;
				CLANG_WARN_UNREACHABLE_CODE = YES;
				CLANG_WARN__DUPLICATE_METHOD_MATCH = YES;
				"CODE_SIGN_IDENTITY[sdk=iphoneos*]" = "iPhone Developer";
				COPY_PHASE_STRIP = NO;
				DEBUG_INFORMATION_FORMAT = "dwarf-with-dsym";
				ENABLE_NS_ASSERTIONS = NO;
				ENABLE_STRICT_OBJC_MSGSEND = YES;
				GCC_C_LANGUAGE_STANDARD = gnu99;
				GCC_NO_COMMON_BLOCKS = YES;
				GCC_WARN_64_TO_32_BIT_CONVERSION = YES;
				GCC_WARN_ABOUT_RETURN_TYPE = YES_ERROR;
				GCC_WARN_UNDECLARED_SELECTOR = YES;
				GCC_WARN_UNINITIALIZED_AUTOS = YES_AGGRESSIVE;
				GCC_WARN_UNUSED_FUNCTION = YES;
				GCC_WARN_UNUSED_VARIABLE = YES;
				IPHONEOS_DEPLOYMENT_TARGET = 10.2;
				MTL_ENABLE_DEBUG_INFO = NO;
				SDKROOT = iphoneos;
				SWIFT_OPTIMIZATION_LEVEL = "-Owholemodule";
				VALIDATE_PRODUCT = YES;
			};
			name = Release;
		};
		3ACF74411E76107D00D73F8D /* Debug */ = {
			isa = XCBuildConfiguration;
			buildSettings = {
				ASSETCATALOG_COMPILER_APPICON_NAME = AppIcon;
				INFOPLIST_FILE = BillSplitter/Info.plist;
				LD_RUNPATH_SEARCH_PATHS = "$(inherited) @executable_path/Frameworks";
				PRODUCT_BUNDLE_IDENTIFIER = "Josh-Barrett.BillSplitter";
				PRODUCT_NAME = "$(TARGET_NAME)";
				SWIFT_VERSION = 3.0;
			};
			name = Debug;
		};
		3ACF74421E76107D00D73F8D /* Release */ = {
			isa = XCBuildConfiguration;
			buildSettings = {
				ASSETCATALOG_COMPILER_APPICON_NAME = AppIcon;
				INFOPLIST_FILE = BillSplitter/Info.plist;
				LD_RUNPATH_SEARCH_PATHS = "$(inherited) @executable_path/Frameworks";
				PRODUCT_BUNDLE_IDENTIFIER = "Josh-Barrett.BillSplitter";
				PRODUCT_NAME = "$(TARGET_NAME)";
				SWIFT_VERSION = 3.0;
			};
			name = Release;
		};
/* End XCBuildConfiguration section */

/* Begin XCConfigurationList section */
		3ACF74291E76107C00D73F8D /* Build configuration list for PBXProject "BillSplitter" */ = {
			isa = XCConfigurationList;
			buildConfigurations = (
				3ACF743E1E76107D00D73F8D /* Debug */,
				3ACF743F1E76107D00D73F8D /* Release */,
			);
			defaultConfigurationIsVisible = 0;
			defaultConfigurationName = Release;
		};
		3ACF74401E76107D00D73F8D /* Build configuration list for PBXNativeTarget "BillSplitter" */ = {
			isa = XCConfigurationList;
			buildConfigurations = (
				3ACF74411E76107D00D73F8D /* Debug */,
				3ACF74421E76107D00D73F8D /* Release */,
			);
			defaultConfigurationIsVisible = 0;
			defaultConfigurationName = Release;
		};
/* End XCConfigurationList section */
	};
	rootObject = 3ACF74261E76107C00D73F8D /* Project object */;
}
